// !$*UTF8*$!
{
	archiveVersion = 1;
	classes = {
	};
	objectVersion = 50;
	objects = {

/* Begin PBXBuildFile section */
		AB04C9A32222AE7900475650 /* AppDelegate.swift in Sources */ = {isa = PBXBuildFile; fileRef = AB04C9A22222AE7900475650 /* AppDelegate.swift */; };
		AB04C9A52222AE7900475650 /* WelcomeVC.swift in Sources */ = {isa = PBXBuildFile; fileRef = AB04C9A42222AE7900475650 /* WelcomeVC.swift */; };
		AB04C9A82222AE7900475650 /* Main.storyboard in Resources */ = {isa = PBXBuildFile; fileRef = AB04C9A62222AE7900475650 /* Main.storyboard */; };
		AB04C9AA2222AE7B00475650 /* Assets.xcassets in Resources */ = {isa = PBXBuildFile; fileRef = AB04C9A92222AE7B00475650 /* Assets.xcassets */; };
		AB04C9AD2222AE7B00475650 /* LaunchScreen.storyboard in Resources */ = {isa = PBXBuildFile; fileRef = AB04C9AB2222AE7B00475650 /* LaunchScreen.storyboard */; };
		AB04C9B62222B46D00475650 /* BorderButton.swift in Sources */ = {isa = PBXBuildFile; fileRef = AB04C9B52222B46D00475650 /* BorderButton.swift */; };
		AB6C259C2224DC8E00807BCD /* LeagueVC.swift in Sources */ = {isa = PBXBuildFile; fileRef = AB6C259B2224DC8E00807BCD /* LeagueVC.swift */; };
		AB6C259E2224DCA100807BCD /* SkillVC.swift in Sources */ = {isa = PBXBuildFile; fileRef = AB6C259D2224DCA100807BCD /* SkillVC.swift */; };
		AB6C25A02224F32E00807BCD /* Player.swift in Sources */ = {isa = PBXBuildFile; fileRef = AB6C259F2224F32E00807BCD /* Player.swift */; };
/* End PBXBuildFile section */

/* Begin PBXFileReference section */
		AB04C99F2222AE7900475650 /* app-swoosh.app */ = {isa = PBXFileReference; explicitFileType = wrapper.application; includeInIndex = 0; path = "app-swoosh.app"; sourceTree = BUILT_PRODUCTS_DIR; };
		AB04C9A22222AE7900475650 /* AppDelegate.swift */ = {isa = PBXFileReference; lastKnownFileType = sourcecode.swift; path = AppDelegate.swift; sourceTree = "<group>"; };
		AB04C9A42222AE7900475650 /* WelcomeVC.swift */ = {isa = PBXFileReference; lastKnownFileType = sourcecode.swift; path = WelcomeVC.swift; sourceTree = "<group>"; };
		AB04C9A72222AE7900475650 /* Base */ = {isa = PBXFileReference; lastKnownFileType = file.storyboard; name = Base; path = Base.lproj/Main.storyboard; sourceTree = "<group>"; };
		AB04C9A92222AE7B00475650 /* Assets.xcassets */ = {isa = PBXFileReference; lastKnownFileType = folder.assetcatalog; path = Assets.xcassets; sourceTree = "<group>"; };
		AB04C9AC2222AE7B00475650 /* Base */ = {isa = PBXFileReference; lastKnownFileType = file.storyboard; name = Base; path = Base.lproj/LaunchScreen.storyboard; sourceTree = "<group>"; };
		AB04C9AE2222AE7B00475650 /* Info.plist */ = {isa = PBXFileReference; lastKnownFileType = text.plist.xml; path = Info.plist; sourceTree = "<group>"; };
		AB04C9B52222B46D00475650 /* BorderButton.swift */ = {isa = PBXFileReference; lastKnownFileType = sourcecode.swift; path = BorderButton.swift; sourceTree = "<group>"; };
		AB6C259B2224DC8E00807BCD /* LeagueVC.swift */ = {isa = PBXFileReference; lastKnownFileType = sourcecode.swift; path = LeagueVC.swift; sourceTree = "<group>"; };
		AB6C259D2224DCA100807BCD /* SkillVC.swift */ = {isa = PBXFileReference; lastKnownFileType = sourcecode.swift; path = SkillVC.swift; sourceTree = "<group>"; };
		AB6C259F2224F32E00807BCD /* Player.swift */ = {isa = PBXFileReference; lastKnownFileType = sourcecode.swift; path = Player.swift; sourceTree = "<group>"; };
/* End PBXFileReference section */

/* Begin PBXFrameworksBuildPhase section */
		AB04C99C2222AE7900475650 /* Frameworks */ = {
			isa = PBXFrameworksBuildPhase;
			buildActionMask = 2147483647;
			files = (
			);
			runOnlyForDeploymentPostprocessing = 0;
		};
/* End PBXFrameworksBuildPhase section */

/* Begin PBXGroup section */
		AB04C9962222AE7900475650 = {
			isa = PBXGroup;
			children = (
				AB04C9A12222AE7900475650 /* app-swoosh */,
				AB04C9A02222AE7900475650 /* Products */,
			);
			sourceTree = "<group>";
		};
		AB04C9A02222AE7900475650 /* Products */ = {
			isa = PBXGroup;
			children = (
				AB04C99F2222AE7900475650 /* app-swoosh.app */,
			);
			name = Products;
			sourceTree = "<group>";
		};
		AB04C9A12222AE7900475650 /* app-swoosh */ = {
			isa = PBXGroup;
			children = (
				AB6C259A2224DB6700807BCD /* Model */,
				AB6C25992224DB5800807BCD /* Controller */,
				AB04C9B42222B40400475650 /* View */,
				AB04C9A22222AE7900475650 /* AppDelegate.swift */,
				AB04C9A62222AE7900475650 /* Main.storyboard */,
				AB04C9A92222AE7B00475650 /* Assets.xcassets */,
				AB04C9AB2222AE7B00475650 /* LaunchScreen.storyboard */,
				AB04C9AE2222AE7B00475650 /* Info.plist */,
			);
			path = "app-swoosh";
			sourceTree = "<group>";
		};
		AB04C9B42222B40400475650 /* View */ = {
			isa = PBXGroup;
			children = (
				AB04C9B52222B46D00475650 /* BorderButton.swift */,
			);
			path = View;
			sourceTree = "<group>";
		};
		AB6C25992224DB5800807BCD /* Controller */ = {
			isa = PBXGroup;
			children = (
				AB04C9A42222AE7900475650 /* WelcomeVC.swift */,
				AB6C259B2224DC8E00807BCD /* LeagueVC.swift */,
				AB6C259D2224DCA100807BCD /* SkillVC.swift */,
			);
			path = Controller;
			sourceTree = "<group>";
		};
		AB6C259A2224DB6700807BCD /* Model */ = {
			isa = PBXGroup;
			children = (
				AB6C259F2224F32E00807BCD /* Player.swift */,
			);
			name = Model;
			path = "New Group";
			sourceTree = "<group>";
		};
/* End PBXGroup section */

/* Begin PBXNativeTarget section */
		AB04C99E2222AE7900475650 /* app-swoosh */ = {
			isa = PBXNativeTarget;
			buildConfigurationList = AB04C9B12222AE7B00475650 /* Build configuration list for PBXNativeTarget "app-swoosh" */;
			buildPhases = (
				AB04C99B2222AE7900475650 /* Sources */,
				AB04C99C2222AE7900475650 /* Frameworks */,
				AB04C99D2222AE7900475650 /* Resources */,
			);
			buildRules = (
			);
			dependencies = (
			);
			name = "app-swoosh";
			productName = "app-swoosh";
			productReference = AB04C99F2222AE7900475650 /* app-swoosh.app */;
			productType = "com.apple.product-type.application";
		};
/* End PBXNativeTarget section */

/* Begin PBXProject section */
		AB04C9972222AE7900475650 /* Project object */ = {
			isa = PBXProject;
			attributes = {
				LastSwiftUpdateCheck = 1010;
				LastUpgradeCheck = 1010;
				ORGANIZATIONNAME = "Da'ieMind";
				TargetAttributes = {
					AB04C99E2222AE7900475650 = {
						CreatedOnToolsVersion = 10.1;
					};
				};
			};
			buildConfigurationList = AB04C99A2222AE7900475650 /* Build configuration list for PBXProject "app-swoosh" */;
			compatibilityVersion = "Xcode 9.3";
			developmentRegion = en;
			hasScannedForEncodings = 0;
			knownRegions = (
				en,
				Base,
			);
			mainGroup = AB04C9962222AE7900475650;
			productRefGroup = AB04C9A02222AE7900475650 /* Products */;
			projectDirPath = "";
			projectRoot = "";
			targets = (
				AB04C99E2222AE7900475650 /* app-swoosh */,
			);
		};
/* End PBXProject section */

/* Begin PBXResourcesBuildPhase section */
		AB04C99D2222AE7900475650 /* Resources */ = {
			isa = PBXResourcesBuildPhase;
			buildActionMask = 2147483647;
			files = (
				AB04C9AD2222AE7B00475650 /* LaunchScreen.storyboard in Resources */,
				AB04C9AA2222AE7B00475650 /* Assets.xcassets in Resources */,
				AB04C9A82222AE7900475650 /* Main.storyboard in Resources */,
			);
			runOnlyForDeploymentPostprocessing = 0;
		};
/* End PBXResourcesBuildPhase section */

/* Begin PBXSourcesBuildPhase section */
		AB04C99B2222AE7900475650 /* Sources */ = {
			isa = PBXSourcesBuildPhase;
			buildActionMask = 2147483647;
			files = (
				AB04C9A52222AE7900475650 /* WelcomeVC.swift in Sources */,
				AB6C259C2224DC8E00807BCD /* LeagueVC.swift in Sources */,
				AB04C9A32222AE7900475650 /* AppDelegate.swift in Sources */,
				AB6C259E2224DCA100807BCD /* SkillVC.swift in Sources */,
				AB6C25A02224F32E00807BCD /* Player.swift in Sources */,
				AB04C9B62222B46D00475650 /* BorderButton.swift in Sources */,
			);
			runOnlyForDeploymentPostprocessing = 0;
		};
/* End PBXSourcesBuildPhase section */

/* Begin PBXVariantGroup section */
		AB04C9A62222AE7900475650 /* Main.storyboard */ = {
			isa = PBXVariantGroup;
			children = (
				AB04C9A72222AE7900475650 /* Base */,
			);
			name = Main.storyboard;
			sourceTree = "<group>";
		};
		AB04C9AB2222AE7B00475650 /* LaunchScreen.storyboard */ = {
			isa = PBXVariantGroup;
			children = (
				AB04C9AC2222AE7B00475650 /* Base */,
			);
			name = LaunchScreen.storyboard;
			sourceTree = "<group>";
		};
/* End PBXVariantGroup section */

/* Begin XCBuildConfiguration section */
		AB04C9AF2222AE7B00475650 /* Debug */ = {
			isa = XCBuildConfiguration;
			buildSettings = {
				ALWAYS_SEARCH_USER_PATHS = NO;
				CLANG_ANALYZER_NONNULL = YES;
				CLANG_ANALYZER_NUMBER_OBJECT_CONVERSION = YES_AGGRESSIVE;
				CLANG_CXX_LANGUAGE_STANDARD = "gnu++14";
				CLANG_CXX_LIBRARY = "libc++";
				CLANG_ENABLE_MODULES = YES;
				CLANG_ENABLE_OBJC_ARC = YES;
				CLANG_ENABLE_OBJC_WEAK = YES;
				CLANG_WARN_BLOCK_CAPTURE_AUTORELEASING = YES;
				CLANG_WARN_BOOL_CONVERSION = YES;
				CLANG_WARN_COMMA = YES;
				CLANG_WARN_CONSTANT_CONVERSION = YES;
				CLANG_WARN_DEPRECATED_OBJC_IMPLEMENTATIONS = YES;
				CLANG_WARN_DIRECT_OBJC_ISA_USAGE = YES_ERROR;
				CLANG_WARN_DOCUMENTATION_COMMENTS = YES;
				CLANG_WARN_EMPTY_BODY = YES;
				CLANG_WARN_ENUM_CONVERSION = YES;
				CLANG_WARN_INFINITE_RECURSION = YES;
				CLANG_WARN_INT_CONVERSION = YES;
				CLANG_WARN_NON_LITERAL_NULL_CONVERSION = YES;
				CLANG_WARN_OBJC_IMPLICIT_RETAIN_SELF = YES;
				CLANG_WARN_OBJC_LITERAL_CONVERSION = YES;
				CLANG_WARN_OBJC_ROOT_CLASS = YES_ERROR;
				CLANG_WARN_RANGE_LOOP_ANALYSIS = YES;
				CLANG_WARN_STRICT_PROTOTYPES = YES;
				CLANG_WARN_SUSPICIOUS_MOVE = YES;
				CLANG_WARN_UNGUARDED_AVAILABILITY = YES_AGGRESSIVE;
				CLANG_WARN_UNREACHABLE_CODE = YES;
				CLANG_WARN__DUPLICATE_METHOD_MATCH = YES;
				CODE_SIGN_IDENTITY = "iPhone Developer";
				COPY_PHASE_STRIP = NO;
				DEBUG_INFORMATION_FORMAT = dwarf;
				ENABLE_STRICT_OBJC_MSGSEND = YES;
				ENABLE_TESTABILITY = YES;
				GCC_C_LANGUAGE_STANDARD = gnu11;
				GCC_DYNAMIC_NO_PIC = NO;
				GCC_NO_COMMON_BLOCKS = YES;
				GCC_OPTIMIZATION_LEVEL = 0;
				GCC_PREPROCESSOR_DEFINITIONS = (
					"DEBUG=1",
					"$(inherited)",
				);
				GCC_WARN_64_TO_32_BIT_CONVERSION = YES;
				GCC_WARN_ABOUT_RETURN_TYPE = YES_ERROR;
				GCC_WARN_UNDECLARED_SELECTOR = YES;
				GCC_WARN_UNINITIALIZED_AUTOS = YES_AGGRESSIVE;
				GCC_WARN_UNUSED_FUNCTION = YES;
				GCC_WARN_UNUSED_VARIABLE = YES;
				IPHONEOS_DEPLOYMENT_TARGET = 12.1;
				MTL_ENABLE_DEBUG_INFO = INCLUDE_SOURCE;
				MTL_FAST_MATH = YES;
				ONLY_ACTIVE_ARCH = YES;
				SDKROOT = iphoneos;
				SWIFT_ACTIVE_COMPILATION_CONDITIONS = DEBUG;
				SWIFT_OPTIMIZATION_LEVEL = "-Onone";
			};
			name = Debug;
		};
		AB04C9B02222AE7B00475650 /* Release */ = {
			isa = XCBuildConfiguration;
			buildSettings = {
				ALWAYS_SEARCH_USER_PATHS = NO;
				CLANG_ANALYZER_NONNULL = YES;
				CLANG_ANALYZER_NUMBER_OBJECT_CONVERSION = YES_AGGRESSIVE;
				CLANG_CXX_LANGUAGE_STANDARD = "gnu++14";
				CLANG_CXX_LIBRARY = "libc++";
				CLANG_ENABLE_MODULES = YES;
				CLANG_ENABLE_OBJC_ARC = YES;
				CLANG_ENABLE_OBJC_WEAK = YES;
				CLANG_WARN_BLOCK_CAPTURE_AUTORELEASING = YES;
				CLANG_WARN_BOOL_CONVERSION = YES;
				CLANG_WARN_COMMA = YES;
				CLANG_WARN_CONSTANT_CONVERSION = YES;
				CLANG_WARN_DEPRECATED_OBJC_IMPLEMENTATIONS = YES;
				CLANG_WARN_DIRECT_OBJC_ISA_USAGE = YES_ERROR;
				CLANG_WARN_DOCUMENTATION_COMMENTS = YES;
				CLANG_WARN_EMPTY_BODY = YES;
				CLANG_WARN_ENUM_CONVERSION = YES;
				CLANG_WARN_INFINITE_RECURSION = YES;
				CLANG_WARN_INT_CONVERSION = YES;
				CLANG_WARN_NON_LITERAL_NULL_CONVERSION = YES;
				CLANG_WARN_OBJC_IMPLICIT_RETAIN_SELF = YES;
				CLANG_WARN_OBJC_LITERAL_CONVERSION = YES;
				CLANG_WARN_OBJC_ROOT_CLASS = YES_ERROR;
				CLANG_WARN_RANGE_LOOP_ANALYSIS = YES;
				CLANG_WARN_STRICT_PROTOTYPES = YES;
				CLANG_WARN_SUSPICIOUS_MOVE = YES;
				CLANG_WARN_UNGUARDED_AVAILABILITY = YES_AGGRESSIVE;
				CLANG_WARN_UNREACHABLE_CODE = YES;
				CLANG_WARN__DUPLICATE_METHOD_MATCH = YES;
				CODE_SIGN_IDENTITY = "iPhone Developer";
				COPY_PHASE_STRIP = NO;
				DEBUG_INFORMATION_FORMAT = "dwarf-with-dsym";
				ENABLE_NS_ASSERTIONS = NO;
				ENABLE_STRICT_OBJC_MSGSEND = YES;
				GCC_C_LANGUAGE_STANDARD = gnu11;
				GCC_NO_COMMON_BLOCKS = YES;
				GCC_WARN_64_TO_32_BIT_CONVERSION = YES;
				GCC_WARN_ABOUT_RETURN_TYPE = YES_ERROR;
				GCC_WARN_UNDECLARED_SELECTOR = YES;
				GCC_WARN_UNINITIALIZED_AUTOS = YES_AGGRESSIVE;
				GCC_WARN_UNUSED_FUNCTION = YES;
				GCC_WARN_UNUSED_VARIABLE = YES;
				IPHONEOS_DEPLOYMENT_TARGET = 12.1;
				MTL_ENABLE_DEBUG_INFO = NO;
				MTL_FAST_MATH = YES;
				SDKROOT = iphoneos;
				SWIFT_COMPILATION_MODE = wholemodule;
				SWIFT_OPTIMIZATION_LEVEL = "-O";
				VALIDATE_PRODUCT = YES;
			};
			name = Release;
		};
		AB04C9B22222AE7B00475650 /* Debug */ = {
			isa = XCBuildConfiguration;
			buildSettings = {
				ASSETCATALOG_COMPILER_APPICON_NAME = AppIcon;
				CODE_SIGN_STYLE = Automatic;
				DEVELOPMENT_TEAM = 677R59LL2M;
				INFOPLIST_FILE = "app-swoosh/Info.plist";
				LD_RUNPATH_SEARCH_PATHS = (
					"$(inherited)",
					"@executable_path/Frameworks",
				);
				PRODUCT_BUNDLE_IDENTIFIER = "com.daiemind.app-swoosh";
				PRODUCT_NAME = "$(TARGET_NAME)";
				SWIFT_VERSION = 4.2;
				TARGETED_DEVICE_FAMILY = "1,2";
			};
			name = Debug;
		};
		AB04C9B32222AE7B00475650 /* Release */ = {
			isa = XCBuildConfiguration;
			buildSettings = {
				ASSETCATALOG_COMPILER_APPICON_NAME = AppIcon;
				CODE_SIGN_STYLE = Automatic;
				DEVELOPMENT_TEAM = 677R59LL2M;
				INFOPLIST_FILE = "app-swoosh/Info.plist";
				LD_RUNPATH_SEARCH_PATHS = (
					"$(inherited)",
					"@executable_path/Frameworks",
				);
				PRODUCT_BUNDLE_IDENTIFIER = "com.daiemind.app-swoosh";
				PRODUCT_NAME = "$(TARGET_NAME)";
				SWIFT_VERSION = 4.2;
				TARGETED_DEVICE_FAMILY = "1,2";
			};
			name = Release;
		};
/* End XCBuildConfiguration section */

/* Begin XCConfigurationList section */
		AB04C99A2222AE7900475650 /* Build configuration list for PBXProject "app-swoosh" */ = {
			isa = XCConfigurationList;
			buildConfigurations = (
				AB04C9AF2222AE7B00475650 /* Debug */,
				AB04C9B02222AE7B00475650 /* Release */,
			);
			defaultConfigurationIsVisible = 0;
			defaultConfigurationName = Release;
		};
		AB04C9B12222AE7B00475650 /* Build configuration list for PBXNativeTarget "app-swoosh" */ = {
			isa = XCConfigurationList;
			buildConfigurations = (
				AB04C9B22222AE7B00475650 /* Debug */,
				AB04C9B32222AE7B00475650 /* Release */,
			);
			defaultConfigurationIsVisible = 0;
			defaultConfigurationName = Release;
		};
/* End XCConfigurationList section */
	};
	rootObject = AB04C9972222AE7900475650 /* Project object */;
}
